
Microsoft Visual Studio Solution File, Format Version 12.00
# Visual Studio Version 16
VisualStudioVersion = 16.0.30204.135
MinimumVisualStudioVersion = 10.0.40219.1
Project("{FAE04EC0-301F-11D3-BF4B-00C04F79EFBC}") = "ConfigNet", "ConfigNet\ConfigNet.csproj", "{CA946282-6DCE-48FC-8E5C-30531945E541}"
EndProject
Project("{FAE04EC0-301F-11D3-BF4B-00C04F79EFBC}") = "ConfigNet.Tests", "ConfigNet.Tests\ConfigNet.Tests.csproj", "{5B1FD4FC-14AC-4156-ABB0-C59ABCEE1A6C}"
EndProject
Global
	GlobalSection(SolutionConfigurationPlatforms) = preSolution
		Debug|Any CPU = Debug|Any CPU
		Release|Any CPU = Release|Any CPU
	EndGlobalSection
	GlobalSection(ProjectConfigurationPlatforms) = postSolution
		{CA946282-6DCE-48FC-8E5C-30531945E541}.Debug|Any CPU.ActiveCfg = Debug|Any CPU
		{CA946282-6DCE-48FC-8E5C-30531945E541}.Debug|Any CPU.Build.0 = Debug|Any CPU
		{CA946282-6DCE-48FC-8E5C-30531945E541}.Release|Any CPU.ActiveCfg = Release|Any CPU
		{CA946282-6DCE-48FC-8E5C-30531945E541}.Release|Any CPU.Build.0 = Release|Any CPU
		{5B1FD4FC-14AC-4156-ABB0-C59ABCEE1A6C}.Debug|Any CPU.ActiveCfg = Debug|Any CPU
		{5B1FD4FC-14AC-4156-ABB0-C59ABCEE1A6C}.Debug|Any CPU.Build.0 = Debug|Any CPU
		{5B1FD4FC-14AC-4156-ABB0-C59ABCEE1A6C}.Release|Any CPU.ActiveCfg = Release|Any CPU
		{5B1FD4FC-14AC-4156-ABB0-C59ABCEE1A6C}.Release|Any CPU.Build.0 = Release|Any CPU
	EndGlobalSection
	GlobalSection(SolutionProperties) = preSolution
		HideSolutionNode = FALSE
	EndGlobalSection
	GlobalSection(ExtensibilityGlobals) = postSolution
		SolutionGuid = {20428C1C-5B13-4836-B96B-BBDD18F35B8F}
	EndGlobalSection
EndGlobal
